
Microsoft Visual Studio Solution File, Format Version 12.00
# 
Project("{FAE04EC0-301F-11D3-BF4B-00C04F79EFBC}") = "PaymentAPI", "PaymentAPI\PaymentAPI.csproj", "{5D69E536-4513-4988-B5F5-B273AEE8274D}"
EndProject
Project("{FAE04EC0-301F-11D3-BF4B-00C04F79EFBC}") = "PaymentAPI.Tests", "PaymentAPI.Tests\PaymentAPI.Tests.csproj", "{FF48D9B9-CC16-4540-AB11-C66361ED3236}"
EndProject
Global
	GlobalSection(SolutionConfigurationPlatforms) = preSolution
		Debug|Any CPU = Debug|Any CPU
		Release|Any CPU = Release|Any CPU
	EndGlobalSection
	GlobalSection(ProjectConfigurationPlatforms) = postSolution
		{5D69E536-4513-4988-B5F5-B273AEE8274D}.Debug|Any CPU.ActiveCfg = Debug|Any CPU
		{5D69E536-4513-4988-B5F5-B273AEE8274D}.Debug|Any CPU.Build.0 = Debug|Any CPU
		{5D69E536-4513-4988-B5F5-B273AEE8274D}.Release|Any CPU.ActiveCfg = Release|Any CPU
		{5D69E536-4513-4988-B5F5-B273AEE8274D}.Release|Any CPU.Build.0 = Release|Any CPU
		{FF48D9B9-CC16-4540-AB11-C66361ED3236}.Debug|Any CPU.ActiveCfg = Debug|Any CPU
		{FF48D9B9-CC16-4540-AB11-C66361ED3236}.Debug|Any CPU.Build.0 = Debug|Any CPU
		{FF48D9B9-CC16-4540-AB11-C66361ED3236}.Release|Any CPU.ActiveCfg = Release|Any CPU
		{FF48D9B9-CC16-4540-AB11-C66361ED3236}.Release|Any CPU.Build.0 = Release|Any CPU
	EndGlobalSection
EndGlobal
